
Microsoft Visual Studio Solution File, Format Version 12.00
# Visual Studio 15
VisualStudioVersion = 15.0.27130.2024
MinimumVisualStudioVersion = 10.0.40219.1
Project("{FAE04EC0-301F-11D3-BF4B-00C04F79EFBC}") = "UI.Web", "UI.Web\UI.Web.csproj", "{890BE405-2AA2-4AE0-AFE2-BE9FF2E096AD}"
EndProject
Project("{FAE04EC0-301F-11D3-BF4B-00C04F79EFBC}") = "DataAPI", "DataAPI\DataAPI.csproj", "{0AAA11E3-E701-4742-BCED-3CD7B38CB209}"
EndProject
Global
	GlobalSection(SolutionConfigurationPlatforms) = preSolution
		Debug|Any CPU = Debug|Any CPU
		Release|Any CPU = Release|Any CPU
	EndGlobalSection
	GlobalSection(ProjectConfigurationPlatforms) = postSolution
		{890BE405-2AA2-4AE0-AFE2-BE9FF2E096AD}.Debug|Any CPU.ActiveCfg = Debug|Any CPU
		{890BE405-2AA2-4AE0-AFE2-BE9FF2E096AD}.Debug|Any CPU.Build.0 = Debug|Any CPU
		{890BE405-2AA2-4AE0-AFE2-BE9FF2E096AD}.Release|Any CPU.ActiveCfg = Release|Any CPU
		{890BE405-2AA2-4AE0-AFE2-BE9FF2E096AD}.Release|Any CPU.Build.0 = Release|Any CPU
		{0AAA11E3-E701-4742-BCED-3CD7B38CB209}.Debug|Any CPU.ActiveCfg = Debug|Any CPU
		{0AAA11E3-E701-4742-BCED-3CD7B38CB209}.Debug|Any CPU.Build.0 = Debug|Any CPU
		{0AAA11E3-E701-4742-BCED-3CD7B38CB209}.Release|Any CPU.ActiveCfg = Release|Any CPU
		{0AAA11E3-E701-4742-BCED-3CD7B38CB209}.Release|Any CPU.Build.0 = Release|Any CPU
	EndGlobalSection
	GlobalSection(SolutionProperties) = preSolution
		HideSolutionNode = FALSE
	EndGlobalSection
	GlobalSection(ExtensibilityGlobals) = postSolution
		SolutionGuid = {9571FACD-BCB2-44FA-B40F-013E208B062C}
	EndGlobalSection
EndGlobal
